
Microsoft Visual Studio Solution File, Format Version 12.00
# Visual Studio Version 16
VisualStudioVersion = 16.0.29728.190
MinimumVisualStudioVersion = 10.0.40219.1
Project("{FAE04EC0-301F-11D3-BF4B-00C04F79EFBC}") = "IFS_Weather", "IFS_Weather\IFS_Weather.csproj", "{A1CC1AF0-60A5-419D-929C-11530A606A51}"
EndProject
Global
	GlobalSection(SolutionConfigurationPlatforms) = preSolution
		Debug|Any CPU = Debug|Any CPU
		Release|Any CPU = Release|Any CPU
	EndGlobalSection
	GlobalSection(ProjectConfigurationPlatforms) = postSolution
		{A1CC1AF0-60A5-419D-929C-11530A606A51}.Debug|Any CPU.ActiveCfg = Debug|Any CPU
		{A1CC1AF0-60A5-419D-929C-11530A606A51}.Debug|Any CPU.Build.0 = Debug|Any CPU
		{A1CC1AF0-60A5-419D-929C-11530A606A51}.Release|Any CPU.ActiveCfg = Release|Any CPU
		{A1CC1AF0-60A5-419D-929C-11530A606A51}.Release|Any CPU.Build.0 = Release|Any CPU
	EndGlobalSection
	GlobalSection(SolutionProperties) = preSolution
		HideSolutionNode = FALSE
	EndGlobalSection
	GlobalSection(ExtensibilityGlobals) = postSolution
		SolutionGuid = {B97D89D9-CBE8-428D-A5E0-77D1CD6F9522}
	EndGlobalSection
EndGlobal
